<?xml version="1.0" encoding="utf-8"?>
<Project ToolsVersion="4.0" xmlns="http://schemas.microsoft.com/developer/msbuild/2003">
  <ItemGroup>
    <ClCompile Include="src\clicker\Clicker.cpp">
      <Filter>Toad</Filter>
    </ClCompile>
    <ClCompile Include="src\clicker\Jitter.cpp">
      <Filter>Toad</Filter>
    </ClCompile>
    <ClCompile Include="src\clicker\Misc.cpp">
      <Filter>Toad\Misc</Filter>
    </ClCompile>
    <ClCompile Include="vendor\backends\imgui_impl_dx9.cpp" />
    <ClCompile Include="vendor\backends\imgui_impl_win32.cpp" />
    <ClCompile Include="vendor\imgui\imgui.cpp" />
    <ClCompile Include="vendor\imgui\imgui_demo.cpp" />
    <ClCompile Include="vendor\imgui\imgui_impl_dx9.cpp" />
    <ClCompile Include="vendor\imgui\imgui_draw.cpp" />
    <ClCompile Include="vendor\imgui\imgui_impl_win32.cpp" />
    <ClCompile Include="vendor\imgui\imgui_tables.cpp" />
    <ClCompile Include="vendor\imgui\imgui_widgets.cpp" />
    <ClCompile Include="src\toad.cpp">
      <Filter>Toad</Filter>
    </ClCompile>
    <ClCompile Include="src\Application.cpp" />
    <ClCompile Include="src\Config.cpp" />
    <ClCompile Include="src\gui.cpp">
      <Filter>Toad</Filter>
    </ClCompile>
    <ClCompile Include="src\main.cpp">
      <Filter>Toad</Filter>
    </ClCompile>
    <ClCompile Include="src\pch.cpp" />
    <ClCompile Include="src\clicker\ClickRecorder.cpp" />
    <ClCompile Include="src\clicker\MouseHook.cpp">
      <Filter>Toad</Filter>
    </ClCompile>
    <ClCompile Include="src\clicker\DoubleClicker.cpp" />
  </ItemGroup>
  <ItemGroup>
    <ClInclude Include="imconfig.h">
      <Filter>imgui</Filter>
    </ClInclude>
    <ClInclude Include="imgui.h">
      <Filter>imgui</Filter>
    </ClInclude>
    <ClInclude Include="imgui_internal.h">
      <Filter>imgui</Filter>
    </ClInclude>
    <ClInclude Include="src\clicker\Clicker.h">
      <Filter>Toad</Filter>
    </ClInclude>
    <ClInclude Include="vendor\imgui\imconfig.h" />
    <ClInclude Include="vendor\imgui\imgui.h" />
    <ClInclude Include="vendor\imgui\imgui_internal.h" />
    <ClInclude Include="vendor\imgui\imstb_rectpack.h" />
    <ClInclude Include="vendor\imgui\imstb_textedit.h" />
    <ClInclude Include="vendor\imgui\imstb_truetype.h" />
    <ClInclude Include="vendor\backends\imgui_impl_dx9.h" />
    <ClInclude Include="vendor\backends\imgui_impl_win32.h" />
    <ClInclude Include="vendor\json\json.hpp" />
    <ClInclude Include="src\toad.h">
      <Filter>Toad</Filter>
    </ClInclude>
    <ClInclude Include="src\Application.h" />
    <ClInclude Include="src\logger.h">
      <Filter>Toad</Filter>
    </ClInclude>
    <ClInclude Include="src\pch.h" />
    <ClInclude Include="src\clicker\ClickRecorder.h" />
    <ClInclude Include="src\clicker\mouseHook.h">
      <Filter>Toad</Filter>
    </ClInclude>
    <ClInclude Include="src\clicker\Jitter.h" />
    <ClInclude Include="src\clicker\DoubleClicker.h" />
  </ItemGroup>
  <ItemGroup>
    <None Include="..\..\misc\debuggers\imgui.natvis">
      <Filter>imgui</Filter>
    </None>
  </ItemGroup>
  <ItemGroup>
    <Filter Include="Toad">
      <UniqueIdentifier>{70910cb5-499c-4f96-bd5f-38d0c1eaa030}</UniqueIdentifier>
    </Filter>
    <Filter Include="imgui">
      <UniqueIdentifier>{3a7bbb76-7509-47ad-a249-5a051c32d464}</UniqueIdentifier>
    </Filter>
    <Filter Include="Toad\Misc">
      <UniqueIdentifier>{8ae5cc77-8575-4f3d-a611-a23bb1340408}</UniqueIdentifier>
    </Filter>
  </ItemGroup>
</Project>