<?xml version="1.0" encoding="utf-8"?>
<Project ToolsVersion="4.0" xmlns="http://schemas.microsoft.com/developer/msbuild/2003">
  <ItemGroup>
    <Filter Include="src">
      <UniqueIdentifier>{2DAB880B-99B4-887C-2230-9F7C8E38947C}</UniqueIdentifier>
    </Filter>
    <Filter Include="src\clicker">
      <UniqueIdentifier>{196B50D5-8520-C9CA-0E15-C3A17AC9BFCE}</UniqueIdentifier>
    </Filter>
    <Filter Include="vendor">
      <UniqueIdentifier>{B3738122-9F15-ACF8-88D0-BF4C74113349}</UniqueIdentifier>
    </Filter>
    <Filter Include="vendor\imgui">
      <UniqueIdentifier>{5D3BD0F0-499E-5F95-F223-984BDE652B18}</UniqueIdentifier>
    </Filter>
  </ItemGroup>
  <ItemGroup>
    <ClInclude Include="src\Application.h">
      <Filter>src</Filter>
    </ClInclude>
    <ClInclude Include="src\Config.h">
      <Filter>src</Filter>
    </ClInclude>
    <ClInclude Include="src\GUI.h">
      <Filter>src</Filter>
    </ClInclude>
    <ClInclude Include="src\Helpers.h">
      <Filter>src</Filter>
    </ClInclude>
    <ClInclude Include="src\Keys.h">
      <Filter>src</Filter>
    </ClInclude>
    <ClInclude Include="src\Logger.h">
      <Filter>src</Filter>
    </ClInclude>
    <ClInclude Include="src\SoundPlayer.h">
      <Filter>src</Filter>
    </ClInclude>
    <ClInclude Include="src\Timer.h">
      <Filter>src</Filter>
    </ClInclude>
    <ClInclude Include="src\Toad.h">
      <Filter>src</Filter>
    </ClInclude>
    <ClInclude Include="src\clicker\ClickRecorder.h">
      <Filter>src\clicker</Filter>
    </ClInclude>
    <ClInclude Include="src\clicker\Clicker.h">
      <Filter>src\clicker</Filter>
    </ClInclude>
    <ClInclude Include="src\clicker\DoubleClicker.h">
      <Filter>src\clicker</Filter>
    </ClInclude>
    <ClInclude Include="src\clicker\Jitter.h">
      <Filter>src\clicker</Filter>
    </ClInclude>
    <ClInclude Include="src\clicker\Misc.h">
      <Filter>src\clicker</Filter>
    </ClInclude>
    <ClInclude Include="src\clicker\MouseHook.h">
      <Filter>src\clicker</Filter>
    </ClInclude>
    <ClInclude Include="src\pch.h">
      <Filter>src</Filter>
    </ClInclude>
    <ClInclude Include="vendor\imgui\imconfig.h">
      <Filter>vendor\imgui</Filter>
    </ClInclude>
    <ClInclude Include="vendor\imgui\imgui.h">
      <Filter>vendor\imgui</Filter>
    </ClInclude>
    <ClInclude Include="vendor\imgui\imgui_impl_dx9.h">
      <Filter>vendor\imgui</Filter>
    </ClInclude>
    <ClInclude Include="vendor\imgui\imgui_impl_win32.h">
      <Filter>vendor\imgui</Filter>
    </ClInclude>
    <ClInclude Include="vendor\imgui\imgui_internal.h">
      <Filter>vendor\imgui</Filter>
    </ClInclude>
    <ClInclude Include="vendor\imgui\imstb_rectpack.h">
      <Filter>vendor\imgui</Filter>
    </ClInclude>
    <ClInclude Include="vendor\imgui\imstb_textedit.h">
      <Filter>vendor\imgui</Filter>
    </ClInclude>
    <ClInclude Include="vendor\imgui\imstb_truetype.h">
      <Filter>vendor\imgui</Filter>
    </ClInclude>
  </ItemGroup>
  <ItemGroup>
    <ClCompile Include="src\Application.cpp">
      <Filter>src</Filter>
    </ClCompile>
    <ClCompile Include="src\Config.cpp">
      <Filter>src</Filter>
    </ClCompile>
    <ClCompile Include="src\GUI.cpp">
      <Filter>src</Filter>
    </ClCompile>
    <ClCompile Include="src\Helpers.cpp">
      <Filter>src</Filter>
    </ClCompile>
    <ClCompile Include="src\Main.cpp">
      <Filter>src</Filter>
    </ClCompile>
    <ClCompile Include="src\SoundPlayer.cpp">
      <Filter>src</Filter>
    </ClCompile>
    <ClCompile Include="src\Timer.cpp">
      <Filter>src</Filter>
    </ClCompile>
    <ClCompile Include="src\Toad.cpp">
      <Filter>src</Filter>
    </ClCompile>
    <ClCompile Include="src\clicker\ClickRecorder.cpp">
      <Filter>src\clicker</Filter>
    </ClCompile>
    <ClCompile Include="src\clicker\Clicker.cpp">
      <Filter>src\clicker</Filter>
    </ClCompile>
    <ClCompile Include="src\clicker\DoubleClicker.cpp">
      <Filter>src\clicker</Filter>
    </ClCompile>
    <ClCompile Include="src\clicker\Jitter.cpp">
      <Filter>src\clicker</Filter>
    </ClCompile>
    <ClCompile Include="src\clicker\Misc.cpp">
      <Filter>src\clicker</Filter>
    </ClCompile>
    <ClCompile Include="src\clicker\MouseHook.cpp">
      <Filter>src\clicker</Filter>
    </ClCompile>
    <ClCompile Include="src\pch.cpp">
      <Filter>src</Filter>
    </ClCompile>
    <ClCompile Include="vendor\imgui\imgui.cpp">
      <Filter>vendor\imgui</Filter>
    </ClCompile>
    <ClCompile Include="vendor\imgui\imgui_demo.cpp">
      <Filter>vendor\imgui</Filter>
    </ClCompile>
    <ClCompile Include="vendor\imgui\imgui_draw.cpp">
      <Filter>vendor\imgui</Filter>
    </ClCompile>
    <ClCompile Include="vendor\imgui\imgui_impl_dx9.cpp">
      <Filter>vendor\imgui</Filter>
    </ClCompile>
    <ClCompile Include="vendor\imgui\imgui_impl_win32.cpp">
      <Filter>vendor\imgui</Filter>
    </ClCompile>
    <ClCompile Include="vendor\imgui\imgui_tables.cpp">
      <Filter>vendor\imgui</Filter>
    </ClCompile>
    <ClCompile Include="vendor\imgui\imgui_widgets.cpp">
      <Filter>vendor\imgui</Filter>
    </ClCompile>
  </ItemGroup>
</Project>